
Microsoft Visual Studio Solution File, Format Version 12.00
# Visual Studio Version 17
VisualStudioVersion = 17.12.35527.113
MinimumVisualStudioVersion = 10.0.40219.1
Project("{FAE04EC0-301F-11D3-BF4B-00C04F79EFBC}") = "CurrencyExchange.API", "CurrencyExchange.API\CurrencyExchange.API.csproj", "{09912948-50C5-4F31-BE23-A8441B003536}"
EndProject
Project("{FAE04EC0-301F-11D3-BF4B-00C04F79EFBC}") = "CurrencyExchange.Unit.Tests", "CurrencyExchange.Unit.Tests\CurrencyExchange.Unit.Tests.csproj", "{D8742C72-64E9-4107-BEF6-850896D1DBE0}"
EndProject
Project("{FAE04EC0-301F-11D3-BF4B-00C04F79EFBC}") = "CurrencyExchange.Integration.Tests", "CurrencyExchange.Integration.Tests\CurrencyExchange.Integration.Tests.csproj", "{B6379B15-00E4-4C40-8049-5A383DA5E213}"
EndProject
Global
	GlobalSection(SolutionConfigurationPlatforms) = preSolution
		Debug|Any CPU = Debug|Any CPU
		Release|Any CPU = Release|Any CPU
	EndGlobalSection
	GlobalSection(ProjectConfigurationPlatforms) = postSolution
		{09912948-50C5-4F31-BE23-A8441B003536}.Debug|Any CPU.ActiveCfg = Debug|Any CPU
		{09912948-50C5-4F31-BE23-A8441B003536}.Debug|Any CPU.Build.0 = Debug|Any CPU
		{09912948-50C5-4F31-BE23-A8441B003536}.Release|Any CPU.ActiveCfg = Release|Any CPU
		{09912948-50C5-4F31-BE23-A8441B003536}.Release|Any CPU.Build.0 = Release|Any CPU
		{D8742C72-64E9-4107-BEF6-850896D1DBE0}.Debug|Any CPU.ActiveCfg = Debug|Any CPU
		{D8742C72-64E9-4107-BEF6-850896D1DBE0}.Debug|Any CPU.Build.0 = Debug|Any CPU
		{D8742C72-64E9-4107-BEF6-850896D1DBE0}.Release|Any CPU.ActiveCfg = Release|Any CPU
		{D8742C72-64E9-4107-BEF6-850896D1DBE0}.Release|Any CPU.Build.0 = Release|Any CPU
		{B6379B15-00E4-4C40-8049-5A383DA5E213}.Debug|Any CPU.ActiveCfg = Debug|Any CPU
		{B6379B15-00E4-4C40-8049-5A383DA5E213}.Debug|Any CPU.Build.0 = Debug|Any CPU
		{B6379B15-00E4-4C40-8049-5A383DA5E213}.Release|Any CPU.ActiveCfg = Release|Any CPU
		{B6379B15-00E4-4C40-8049-5A383DA5E213}.Release|Any CPU.Build.0 = Release|Any CPU
	EndGlobalSection
	GlobalSection(SolutionProperties) = preSolution
		HideSolutionNode = FALSE
	EndGlobalSection
EndGlobal
